{
  "name": "@vanilla-jsx/website",
  "version": "1.1.0",
  "lockfileVersion": 1,
  "requires": true,
  "dependencies": {
    "@vanilla-jsx/component": {
      "version": "1.0.1",
      "requires": {
        "@vanilla-jsx/jsx-runtime": "^1.0.1"
      },
      "dependencies": {
        "@vanilla-jsx/jsx-runtime": {
          "version": "1.0.1"
        }
      }
    },
    "@vanilla-jsx/jsx-runtime": {
      "version": "1.0.1"
    },
    "regenerator-runtime": {
      "version": "0.13.7",
      "resolved": "https://registry.npmjs.org/regenerator-runtime/-/regenerator-runtime-0.13.7.tgz",
      "integrity": "sha512-a54FxoJDIr27pgf7IgeQGxmqUNYrcV338lf/6gH456HZ/PhX+5BcwHXG9ajESmwe6WRO0tAzRUrRmNONWgkrew=="
    }
  }
}
