{
	"name": "@vanilla-jsx/ssr-jsx-runtime",
	"version": "1.5.1",
	"lockfileVersion": 1,
	"requires": true,
	"dependencies": {
		"@nx-js/observer-util": {
			"version": "4.2.2",
			"resolved": "https://registry.npmjs.org/@nx-js/observer-util/-/observer-util-4.2.2.tgz",
			"integrity": "sha512-9OayX1xkdGjdnsDiO2YdaYJ6aMyCF7/NY4QWVgIgjSAZJ4OX2fD766Ts79hEzBscenQy2DCaSoY8VkguIMB1ZA=="
		}
	}
}
