{
	"name": "@vanilla-jsx/jsx-runtime",
	"version": "1.5.1",
	"lockfileVersion": 1,
	"requires": true,
	"dependencies": {
		"lodash.flattendeep": {
			"version": "4.4.0",
			"resolved": "http://registry.npm.souche-inc.com/lodash.flattendeep/download/lodash.flattendeep-4.4.0.tgz",
			"integrity": "sha1-+wMJF/hqMTTlvJvsDWngAT3f7bI="
		}
	}
}
