{
  "name": "@vanilla-jsx/website",
  "version": "1.2.1",
  "lockfileVersion": 1,
  "requires": true,
  "dependencies": {
    "@vanilla-jsx/component": {
      "version": "1.2.0",
      "requires": {
        "@vanilla-jsx/jsx-runtime": "^1.2.0"
      },
      "dependencies": {
        "@vanilla-jsx/jsx-runtime": {
          "version": "1.2.0"
        }
      }
    },
    "@vanilla-jsx/jsx-runtime": {
      "version": "1.2.0"
    },
    "@vanilla-jsx/mdx-loader": {
      "version": "1.2.0",
      "requires": {
        "@mdx-js/mdx": "^1.6.21"
      },
      "dependencies": {
        "@babel/code-frame": {
          "version": "7.10.4",
          "resolved": "http://registry.npm.souche-inc.com/@babel/code-frame/download/@babel/code-frame-7.10.4.tgz",
          "integrity": "sha1-Fo2ho26Q2miujUnA8bSMfGJJITo=",
          "requires": {
            "@babel/highlight": "^7.10.4"
          }
        },
        "@babel/core": {
          "version": "7.11.6",
          "resolved": "http://registry.npm.souche-inc.com/@babel/core/download/@babel/core-7.11.6.tgz",
          "integrity": "sha1-OpRV3HOH/xusRXcGULwTugShVlE=",
          "requires": {
            "@babel/code-frame": "^7.10.4",
            "@babel/generator": "^7.11.6",
            "@babel/helper-module-transforms": "^7.11.0",
            "@babel/helpers": "^7.10.4",
            "@babel/parser": "^7.11.5",
            "@babel/template": "^7.10.4",
            "@babel/traverse": "^7.11.5",
            "@babel/types": "^7.11.5",
            "convert-source-map": "^1.7.0",
            "debug": "^4.1.0",
            "gensync": "^1.0.0-beta.1",
            "json5": "^2.1.2",
            "lodash": "^4.17.19",
            "resolve": "^1.3.2",
            "semver": "^5.4.1",
            "source-map": "^0.5.0"
          }
        },
        "@babel/generator": {
          "version": "7.12.5",
          "resolved": "http://registry.npm.souche-inc.com/@babel/generator/download/@babel/generator-7.12.5.tgz",
          "integrity": "sha1-osUN5ci21wirlb5eYFOTbBiEpN4=",
          "requires": {
            "@babel/types": "^7.12.5",
            "jsesc": "^2.5.1",
            "source-map": "^0.5.0"
          }
        },
        "@babel/helper-function-name": {
          "version": "7.10.4",
          "resolved": "http://registry.npm.souche-inc.com/@babel/helper-function-name/download/@babel/helper-function-name-7.10.4.tgz",
          "integrity": "sha1-0tOyDFmtjEcRL6fSqUvAnV74Lxo=",
          "requires": {
            "@babel/helper-get-function-arity": "^7.10.4",
            "@babel/template": "^7.10.4",
            "@babel/types": "^7.10.4"
          }
        },
        "@babel/helper-get-function-arity": {
          "version": "7.10.4",
          "resolved": "http://registry.npm.souche-inc.com/@babel/helper-get-function-arity/download/@babel/helper-get-function-arity-7.10.4.tgz",
          "integrity": "sha1-mMHL6g4jMvM/mkZhuM4VBbLBm6I=",
          "requires": {
            "@babel/types": "^7.10.4"
          }
        },
        "@babel/helper-member-expression-to-functions": {
          "version": "7.12.1",
          "resolved": "http://registry.npm.souche-inc.com/@babel/helper-member-expression-to-functions/download/@babel/helper-member-expression-to-functions-7.12.1.tgz",
          "integrity": "sha1-+6Dy/P8/ugDm7LZku15uJuLWFlw=",
          "requires": {
            "@babel/types": "^7.12.1"
          }
        },
        "@babel/helper-module-imports": {
          "version": "7.12.5",
          "resolved": "http://registry.npm.souche-inc.com/@babel/helper-module-imports/download/@babel/helper-module-imports-7.12.5.tgz",
          "integrity": "sha1-G/wCKfeUmI927QpNTpCGCFC1Tfs=",
          "requires": {
            "@babel/types": "^7.12.5"
          }
        },
        "@babel/helper-module-transforms": {
          "version": "7.12.1",
          "resolved": "http://registry.npm.souche-inc.com/@babel/helper-module-transforms/download/@babel/helper-module-transforms-7.12.1.tgz",
          "integrity": "sha1-eVT+xx9bMsSOSzA7Q3w0RT/XJHw=",
          "requires": {
            "@babel/helper-module-imports": "^7.12.1",
            "@babel/helper-replace-supers": "^7.12.1",
            "@babel/helper-simple-access": "^7.12.1",
            "@babel/helper-split-export-declaration": "^7.11.0",
            "@babel/helper-validator-identifier": "^7.10.4",
            "@babel/template": "^7.10.4",
            "@babel/traverse": "^7.12.1",
            "@babel/types": "^7.12.1",
            "lodash": "^4.17.19"
          }
        },
        "@babel/helper-optimise-call-expression": {
          "version": "7.10.4",
          "resolved": "http://registry.npm.souche-inc.com/@babel/helper-optimise-call-expression/download/@babel/helper-optimise-call-expression-7.10.4.tgz",
          "integrity": "sha1-UNyWQT1ZT5lad5BZBbBYk813lnM=",
          "requires": {
            "@babel/types": "^7.10.4"
          }
        },
        "@babel/helper-plugin-utils": {
          "version": "7.10.4",
          "resolved": "http://registry.npm.souche-inc.com/@babel/helper-plugin-utils/download/@babel/helper-plugin-utils-7.10.4.tgz",
          "integrity": "sha1-L3WoMSadT2d95JmG3/WZJ1M883U="
        },
        "@babel/helper-replace-supers": {
          "version": "7.12.5",
          "resolved": "http://registry.npm.souche-inc.com/@babel/helper-replace-supers/download/@babel/helper-replace-supers-7.12.5.tgz",
          "integrity": "sha1-8AmhdUO7u84WsGIGrnO2PT/KaNk=",
          "requires": {
            "@babel/helper-member-expression-to-functions": "^7.12.1",
            "@babel/helper-optimise-call-expression": "^7.10.4",
            "@babel/traverse": "^7.12.5",
            "@babel/types": "^7.12.5"
          }
        },
        "@babel/helper-simple-access": {
          "version": "7.12.1",
          "resolved": "http://registry.npm.souche-inc.com/@babel/helper-simple-access/download/@babel/helper-simple-access-7.12.1.tgz",
          "integrity": "sha1-MkJ+WqYVR9OOsebq9f0UJv2tkTY=",
          "requires": {
            "@babel/types": "^7.12.1"
          }
        },
        "@babel/helper-split-export-declaration": {
          "version": "7.11.0",
          "resolved": "http://registry.npm.souche-inc.com/@babel/helper-split-export-declaration/download/@babel/helper-split-export-declaration-7.11.0.tgz",
          "integrity": "sha1-+KSRJErPamdhWKxCBykRuoOtCZ8=",
          "requires": {
            "@babel/types": "^7.11.0"
          }
        },
        "@babel/helper-validator-identifier": {
          "version": "7.10.4",
          "resolved": "http://registry.npm.souche-inc.com/@babel/helper-validator-identifier/download/@babel/helper-validator-identifier-7.10.4.tgz",
          "integrity": "sha1-p4x6clHgH2FlEtMbEK3PUq2l4NI="
        },
        "@babel/helpers": {
          "version": "7.12.5",
          "resolved": "http://registry.npm.souche-inc.com/@babel/helpers/download/@babel/helpers-7.12.5.tgz",
          "integrity": "sha1-Ghukp2jZtYMQ7aUWxEmRP+ZHEW4=",
          "requires": {
            "@babel/template": "^7.10.4",
            "@babel/traverse": "^7.12.5",
            "@babel/types": "^7.12.5"
          }
        },
        "@babel/highlight": {
          "version": "7.10.4",
          "resolved": "http://registry.npm.souche-inc.com/@babel/highlight/download/@babel/highlight-7.10.4.tgz",
          "integrity": "sha1-fRvf1ldTU4+r5sOFls23bZrGAUM=",
          "requires": {
            "@babel/helper-validator-identifier": "^7.10.4",
            "chalk": "^2.0.0",
            "js-tokens": "^4.0.0"
          }
        },
        "@babel/parser": {
          "version": "7.12.5",
          "resolved": "http://registry.npm.souche-inc.com/@babel/parser/download/@babel/parser-7.12.5.tgz",
          "integrity": "sha1-tK8y3dRzwL+mQ71/8HKLjnG4HqA="
        },
        "@babel/plugin-proposal-object-rest-spread": {
          "version": "7.11.0",
          "resolved": "http://registry.npm.souche-inc.com/@babel/plugin-proposal-object-rest-spread/download/@babel/plugin-proposal-object-rest-spread-7.11.0.tgz",
          "integrity": "sha1-vYH5Wh90Z2DqQ7bC09YrEXkK0K8=",
          "requires": {
            "@babel/helper-plugin-utils": "^7.10.4",
            "@babel/plugin-syntax-object-rest-spread": "^7.8.0",
            "@babel/plugin-transform-parameters": "^7.10.4"
          }
        },
        "@babel/plugin-syntax-jsx": {
          "version": "7.10.4",
          "resolved": "http://registry.npm.souche-inc.com/@babel/plugin-syntax-jsx/download/@babel/plugin-syntax-jsx-7.10.4.tgz",
          "integrity": "sha1-Oauq48v3EMQ3PYQpSE5rohNAFmw=",
          "requires": {
            "@babel/helper-plugin-utils": "^7.10.4"
          }
        },
        "@babel/plugin-syntax-object-rest-spread": {
          "version": "7.8.3",
          "resolved": "http://registry.npm.souche-inc.com/@babel/plugin-syntax-object-rest-spread/download/@babel/plugin-syntax-object-rest-spread-7.8.3.tgz",
          "integrity": "sha1-YOIl7cvZimQDMqLnLdPmbxr1WHE=",
          "requires": {
            "@babel/helper-plugin-utils": "^7.8.0"
          }
        },
        "@babel/plugin-transform-parameters": {
          "version": "7.12.1",
          "resolved": "http://registry.npm.souche-inc.com/@babel/plugin-transform-parameters/download/@babel/plugin-transform-parameters-7.12.1.tgz",
          "integrity": "sha1-0uljsDh3FlDJIu/1k3mclthTJV0=",
          "requires": {
            "@babel/helper-plugin-utils": "^7.10.4"
          }
        },
        "@babel/template": {
          "version": "7.10.4",
          "resolved": "http://registry.npm.souche-inc.com/@babel/template/download/@babel/template-7.10.4.tgz",
          "integrity": "sha1-MlGZbEIA68cdGo/EBfupQPNrong=",
          "requires": {
            "@babel/code-frame": "^7.10.4",
            "@babel/parser": "^7.10.4",
            "@babel/types": "^7.10.4"
          }
        },
        "@babel/traverse": {
          "version": "7.12.5",
          "resolved": "http://registry.npm.souche-inc.com/@babel/traverse/download/@babel/traverse-7.12.5.tgz",
          "integrity": "sha1-eKDGjI6KNeTKz9MduLswPVYG8JU=",
          "requires": {
            "@babel/code-frame": "^7.10.4",
            "@babel/generator": "^7.12.5",
            "@babel/helper-function-name": "^7.10.4",
            "@babel/helper-split-export-declaration": "^7.11.0",
            "@babel/parser": "^7.12.5",
            "@babel/types": "^7.12.5",
            "debug": "^4.1.0",
            "globals": "^11.1.0",
            "lodash": "^4.17.19"
          }
        },
        "@babel/types": {
          "version": "7.12.6",
          "resolved": "http://registry.npm.souche-inc.com/@babel/types/download/@babel/types-7.12.6.tgz",
          "integrity": "sha1-rg5V7xzOH7yIHNJvgjTrPmV+3JY=",
          "requires": {
            "@babel/helper-validator-identifier": "^7.10.4",
            "lodash": "^4.17.19",
            "to-fast-properties": "^2.0.0"
          }
        },
        "@mdx-js/mdx": {
          "version": "1.6.21",
          "resolved": "http://registry.npm.souche-inc.com/@mdx-js/mdx/download/@mdx-js/mdx-1.6.21.tgz",
          "integrity": "sha1-02UbSALbe9w5knDA/6niqpndSwA=",
          "requires": {
            "@babel/core": "7.11.6",
            "@babel/plugin-syntax-jsx": "7.10.4",
            "@babel/plugin-syntax-object-rest-spread": "7.8.3",
            "@mdx-js/util": "1.6.21",
            "babel-plugin-apply-mdx-type-prop": "1.6.21",
            "babel-plugin-extract-import-names": "1.6.21",
            "camelcase-css": "2.0.1",
            "detab": "2.0.3",
            "hast-util-raw": "6.0.1",
            "lodash.uniq": "4.5.0",
            "mdast-util-to-hast": "9.1.2",
            "remark-footnotes": "2.0.0",
            "remark-mdx": "1.6.21",
            "remark-parse": "8.0.3",
            "remark-squeeze-paragraphs": "4.0.0",
            "style-to-object": "0.3.0",
            "unified": "9.2.0",
            "unist-builder": "2.0.3",
            "unist-util-visit": "2.0.3"
          }
        },
        "@mdx-js/util": {
          "version": "1.6.21",
          "resolved": "http://registry.npm.souche-inc.com/@mdx-js/util/download/@mdx-js/util-1.6.21.tgz",
          "integrity": "sha1-Jfl6Cht254wWrl2Yxsc+G+jYnjk="
        },
        "@types/hast": {
          "version": "2.3.1",
          "resolved": "http://registry.npm.souche-inc.com/@types/hast/download/@types/hast-2.3.1.tgz",
          "integrity": "sha1-sWhy8qYUTHAl8pb7ljamZ+u3nNk=",
          "requires": {
            "@types/unist": "*"
          }
        },
        "@types/mdast": {
          "version": "3.0.3",
          "resolved": "http://registry.npm.souche-inc.com/@types/mdast/download/@types/mdast-3.0.3.tgz",
          "integrity": "sha1-LX1nGxzR6j3rMG6nUDbCoEB9Les=",
          "requires": {
            "@types/unist": "*"
          }
        },
        "@types/parse5": {
          "version": "5.0.3",
          "resolved": "http://registry.npm.souche-inc.com/@types/parse5/download/@types/parse5-5.0.3.tgz",
          "integrity": "sha1-57Wuu6wVD4tf3UpG5/C9jmXhkQk="
        },
        "@types/unist": {
          "version": "2.0.3",
          "resolved": "http://registry.npm.souche-inc.com/@types/unist/download/@types/unist-2.0.3.tgz",
          "integrity": "sha1-nAiGeYdvN061mD8VDUeHqm+zLX4="
        },
        "ansi-styles": {
          "version": "3.2.1",
          "resolved": "http://registry.npm.souche-inc.com/ansi-styles/download/ansi-styles-3.2.1.tgz",
          "integrity": "sha1-QfuyAkPlCxK+DwS43tvwdSDOhB0=",
          "requires": {
            "color-convert": "^1.9.0"
          }
        },
        "babel-plugin-apply-mdx-type-prop": {
          "version": "1.6.21",
          "resolved": "http://registry.npm.souche-inc.com/babel-plugin-apply-mdx-type-prop/download/babel-plugin-apply-mdx-type-prop-1.6.21.tgz",
          "integrity": "sha1-DIYAyWXKQgPjwCbtlx7Vt+gQrro=",
          "requires": {
            "@babel/helper-plugin-utils": "7.10.4",
            "@mdx-js/util": "1.6.21"
          }
        },
        "babel-plugin-extract-import-names": {
          "version": "1.6.21",
          "resolved": "http://registry.npm.souche-inc.com/babel-plugin-extract-import-names/download/babel-plugin-extract-import-names-1.6.21.tgz",
          "integrity": "sha1-lO//7k6nmYJJFXPl9n2ZV6t3WWo=",
          "requires": {
            "@babel/helper-plugin-utils": "7.10.4"
          }
        },
        "bail": {
          "version": "1.0.5",
          "resolved": "http://registry.npm.souche-inc.com/bail/download/bail-1.0.5.tgz",
          "integrity": "sha1-tvoTNASjksvB+MS/Y/WVM1Hnp3Y="
        },
        "camelcase-css": {
          "version": "2.0.1",
          "resolved": "http://registry.npm.souche-inc.com/camelcase-css/download/camelcase-css-2.0.1.tgz",
          "integrity": "sha1-7pePaUeRTMMMa0R0G27R338EP9U="
        },
        "ccount": {
          "version": "1.1.0",
          "resolved": "http://registry.npm.souche-inc.com/ccount/download/ccount-1.1.0.tgz",
          "integrity": "sha1-JGaH3rtgFHNRMb6KurLZOJj40EM="
        },
        "chalk": {
          "version": "2.4.2",
          "resolved": "http://registry.npm.souche-inc.com/chalk/download/chalk-2.4.2.tgz",
          "integrity": "sha1-zUJUFnelQzPPVBpJEIwUMrRMlCQ=",
          "requires": {
            "ansi-styles": "^3.2.1",
            "escape-string-regexp": "^1.0.5",
            "supports-color": "^5.3.0"
          }
        },
        "character-entities": {
          "version": "1.2.4",
          "resolved": "http://registry.npm.souche-inc.com/character-entities/download/character-entities-1.2.4.tgz",
          "integrity": "sha1-4Sw5Obfq9OWxXnrUxeKOHUjFsWs="
        },
        "character-entities-legacy": {
          "version": "1.1.4",
          "resolved": "http://registry.npm.souche-inc.com/character-entities-legacy/download/character-entities-legacy-1.1.4.tgz",
          "integrity": "sha1-lLwYRdznClu50uzHSHJWYSk9j8E="
        },
        "character-reference-invalid": {
          "version": "1.1.4",
          "resolved": "http://registry.npm.souche-inc.com/character-reference-invalid/download/character-reference-invalid-1.1.4.tgz",
          "integrity": "sha1-CDMpzaDq4nKrPbvzfpo4LBOvFWA="
        },
        "collapse-white-space": {
          "version": "1.0.6",
          "resolved": "http://registry.npm.souche-inc.com/collapse-white-space/download/collapse-white-space-1.0.6.tgz",
          "integrity": "sha1-5jYpwAFmZXkgYNu+t5xCI50sUoc="
        },
        "color-convert": {
          "version": "1.9.3",
          "resolved": "http://registry.npm.souche-inc.com/color-convert/download/color-convert-1.9.3.tgz",
          "integrity": "sha1-u3GFBpDh8TZWfeYp0tVHHe2kweg=",
          "requires": {
            "color-name": "1.1.3"
          }
        },
        "color-name": {
          "version": "1.1.3",
          "resolved": "http://registry.npm.souche-inc.com/color-name/download/color-name-1.1.3.tgz",
          "integrity": "sha1-p9BVi9icQveV3UIyj3QIMcpTvCU="
        },
        "comma-separated-tokens": {
          "version": "1.0.8",
          "resolved": "http://registry.npm.souche-inc.com/comma-separated-tokens/download/comma-separated-tokens-1.0.8.tgz",
          "integrity": "sha1-YyuAthF4Z6FY8QgK1Jiy++fj9eo="
        },
        "convert-source-map": {
          "version": "1.7.0",
          "resolved": "http://registry.npm.souche-inc.com/convert-source-map/download/convert-source-map-1.7.0.tgz",
          "integrity": "sha1-F6LLiC1/d9NJBYXizmxSRCSjpEI=",
          "requires": {
            "safe-buffer": "~5.1.1"
          }
        },
        "debug": {
          "version": "4.3.1",
          "resolved": "http://registry.npm.souche-inc.com/debug/download/debug-4.3.1.tgz",
          "integrity": "sha1-8NIpxQXgxtjEmsVT0bE9wYP2su4=",
          "requires": {
            "ms": "2.1.2"
          }
        },
        "detab": {
          "version": "2.0.3",
          "resolved": "http://registry.npm.souche-inc.com/detab/download/detab-2.0.3.tgz",
          "integrity": "sha1-M+XddNIwUBvWmYWg0rmjOCaZoTA=",
          "requires": {
            "repeat-string": "^1.5.4"
          }
        },
        "escape-string-regexp": {
          "version": "1.0.5",
          "resolved": "http://registry.npm.souche-inc.com/escape-string-regexp/download/escape-string-regexp-1.0.5.tgz",
          "integrity": "sha1-G2HAViGQqN/2rjuyzwIAyhMLhtQ="
        },
        "extend": {
          "version": "3.0.2",
          "resolved": "http://registry.npm.souche-inc.com/extend/download/extend-3.0.2.tgz",
          "integrity": "sha1-+LETa0Bx+9jrFAr/hYsQGewpFfo="
        },
        "function-bind": {
          "version": "1.1.1",
          "resolved": "http://registry.npm.souche-inc.com/function-bind/download/function-bind-1.1.1.tgz",
          "integrity": "sha1-pWiZ0+o8m6uHS7l3O3xe3pL0iV0="
        },
        "gensync": {
          "version": "1.0.0-beta.2",
          "resolved": "http://registry.npm.souche-inc.com/gensync/download/gensync-1.0.0-beta.2.tgz",
          "integrity": "sha1-MqbudsPX9S1GsrGuXZP+qFgKJeA="
        },
        "globals": {
          "version": "11.12.0",
          "resolved": "http://registry.npm.souche-inc.com/globals/download/globals-11.12.0.tgz",
          "integrity": "sha1-q4eVM4hooLq9hSV1gBjCp+uVxC4="
        },
        "has": {
          "version": "1.0.3",
          "resolved": "http://registry.npm.souche-inc.com/has/download/has-1.0.3.tgz",
          "integrity": "sha1-ci18v8H2qoJB8W3YFOAR4fQeh5Y=",
          "requires": {
            "function-bind": "^1.1.1"
          }
        },
        "has-flag": {
          "version": "3.0.0",
          "resolved": "http://registry.npm.souche-inc.com/has-flag/download/has-flag-3.0.0.tgz",
          "integrity": "sha1-tdRU3CGZriJWmfNGfloH87lVuv0="
        },
        "hast-to-hyperscript": {
          "version": "9.0.1",
          "resolved": "http://registry.npm.souche-inc.com/hast-to-hyperscript/download/hast-to-hyperscript-9.0.1.tgz",
          "integrity": "sha1-m2f9GI5MgeitZvgDhVM0FzkgIY0=",
          "requires": {
            "@types/unist": "^2.0.3",
            "comma-separated-tokens": "^1.0.0",
            "property-information": "^5.3.0",
            "space-separated-tokens": "^1.0.0",
            "style-to-object": "^0.3.0",
            "unist-util-is": "^4.0.0",
            "web-namespaces": "^1.0.0"
          }
        },
        "hast-util-from-parse5": {
          "version": "6.0.1",
          "resolved": "http://registry.npm.souche-inc.com/hast-util-from-parse5/download/hast-util-from-parse5-6.0.1.tgz",
          "integrity": "sha1-VU40q97qJax29b2VCh8BgOCzvCo=",
          "requires": {
            "@types/parse5": "^5.0.0",
            "hastscript": "^6.0.0",
            "property-information": "^5.0.0",
            "vfile": "^4.0.0",
            "vfile-location": "^3.2.0",
            "web-namespaces": "^1.0.0"
          }
        },
        "hast-util-parse-selector": {
          "version": "2.2.5",
          "resolved": "http://registry.npm.souche-inc.com/hast-util-parse-selector/download/hast-util-parse-selector-2.2.5.tgz",
          "integrity": "sha1-1Xwj9NoWrjxjs7bKRhZoMxNJnDo="
        },
        "hast-util-raw": {
          "version": "6.0.1",
          "resolved": "http://registry.npm.souche-inc.com/hast-util-raw/download/hast-util-raw-6.0.1.tgz",
          "integrity": "sha1-lzsVkwt1Kae2aYTJgUi0ZSaIWXc=",
          "requires": {
            "@types/hast": "^2.0.0",
            "hast-util-from-parse5": "^6.0.0",
            "hast-util-to-parse5": "^6.0.0",
            "html-void-elements": "^1.0.0",
            "parse5": "^6.0.0",
            "unist-util-position": "^3.0.0",
            "vfile": "^4.0.0",
            "web-namespaces": "^1.0.0",
            "xtend": "^4.0.0",
            "zwitch": "^1.0.0"
          }
        },
        "hast-util-to-parse5": {
          "version": "6.0.0",
          "resolved": "http://registry.npm.souche-inc.com/hast-util-to-parse5/download/hast-util-to-parse5-6.0.0.tgz",
          "integrity": "sha1-HsRGULYx1ylSBmzqmxRF32mfhHk=",
          "requires": {
            "hast-to-hyperscript": "^9.0.0",
            "property-information": "^5.0.0",
            "web-namespaces": "^1.0.0",
            "xtend": "^4.0.0",
            "zwitch": "^1.0.0"
          }
        },
        "hastscript": {
          "version": "6.0.0",
          "resolved": "http://registry.npm.souche-inc.com/hastscript/download/hastscript-6.0.0.tgz",
          "integrity": "sha1-6HaNfqxWw/3qyKkoMNWOgR5b9kA=",
          "requires": {
            "@types/hast": "^2.0.0",
            "comma-separated-tokens": "^1.0.0",
            "hast-util-parse-selector": "^2.0.0",
            "property-information": "^5.0.0",
            "space-separated-tokens": "^1.0.0"
          }
        },
        "html-void-elements": {
          "version": "1.0.5",
          "resolved": "http://registry.npm.souche-inc.com/html-void-elements/download/html-void-elements-1.0.5.tgz",
          "integrity": "sha1-zpFZSU6G2V5FeVsWbCAhws/KRIM="
        },
        "inherits": {
          "version": "2.0.4",
          "resolved": "http://registry.npm.souche-inc.com/inherits/download/inherits-2.0.4.tgz",
          "integrity": "sha1-D6LGT5MpF8NDOg3tVTY6rjdBa3w="
        },
        "inline-style-parser": {
          "version": "0.1.1",
          "resolved": "http://registry.npm.souche-inc.com/inline-style-parser/download/inline-style-parser-0.1.1.tgz",
          "integrity": "sha1-7Io7QpJ06cCh8cT/qUU6f+9yzqE="
        },
        "is-alphabetical": {
          "version": "1.0.4",
          "resolved": "http://registry.npm.souche-inc.com/is-alphabetical/download/is-alphabetical-1.0.4.tgz",
          "integrity": "sha1-nn1rlJFr4iFTdF0YTCmMv5hqaG0="
        },
        "is-alphanumerical": {
          "version": "1.0.4",
          "resolved": "http://registry.npm.souche-inc.com/is-alphanumerical/download/is-alphanumerical-1.0.4.tgz",
          "integrity": "sha1-frmiQx+FX2se8aeOMm31FWlsTb8=",
          "requires": {
            "is-alphabetical": "^1.0.0",
            "is-decimal": "^1.0.0"
          }
        },
        "is-buffer": {
          "version": "2.0.5",
          "resolved": "http://registry.npm.souche-inc.com/is-buffer/download/is-buffer-2.0.5.tgz",
          "integrity": "sha1-68JS5ADSL/jXf6CYiIIaJKZYwZE="
        },
        "is-core-module": {
          "version": "2.1.0",
          "resolved": "http://registry.npm.souche-inc.com/is-core-module/download/is-core-module-2.1.0.tgz",
          "integrity": "sha1-pMwDHZsaymPuy9GKZQ4Ty07quUY=",
          "requires": {
            "has": "^1.0.3"
          }
        },
        "is-decimal": {
          "version": "1.0.4",
          "resolved": "http://registry.npm.souche-inc.com/is-decimal/download/is-decimal-1.0.4.tgz",
          "integrity": "sha1-ZaOllYocW2OnBuGzM9fNn2MNP6U="
        },
        "is-hexadecimal": {
          "version": "1.0.4",
          "resolved": "http://registry.npm.souche-inc.com/is-hexadecimal/download/is-hexadecimal-1.0.4.tgz",
          "integrity": "sha1-zDXJdYjaS9Saju3WvECC1E3LI6c="
        },
        "is-plain-obj": {
          "version": "2.1.0",
          "resolved": "http://registry.npm.souche-inc.com/is-plain-obj/download/is-plain-obj-2.1.0.tgz",
          "integrity": "sha1-ReQuN/zPH0Dajl927iFRWEDAkoc="
        },
        "is-whitespace-character": {
          "version": "1.0.4",
          "resolved": "http://registry.npm.souche-inc.com/is-whitespace-character/download/is-whitespace-character-1.0.4.tgz",
          "integrity": "sha1-CFjt2UqVWUx8ndC1wXTsbkXuSqc="
        },
        "is-word-character": {
          "version": "1.0.4",
          "resolved": "http://registry.npm.souche-inc.com/is-word-character/download/is-word-character-1.0.4.tgz",
          "integrity": "sha1-zg5zIW+YWZBgWS9i/zE1TdvrAjA="
        },
        "js-tokens": {
          "version": "4.0.0",
          "resolved": "http://registry.npm.souche-inc.com/js-tokens/download/js-tokens-4.0.0.tgz",
          "integrity": "sha1-GSA/tZmR35jjoocFDUZHzerzJJk="
        },
        "jsesc": {
          "version": "2.5.2",
          "resolved": "http://registry.npm.souche-inc.com/jsesc/download/jsesc-2.5.2.tgz",
          "integrity": "sha1-gFZNLkg9rPbo7yCWUKZ98/DCg6Q="
        },
        "json5": {
          "version": "2.1.3",
          "resolved": "http://registry.npm.souche-inc.com/json5/download/json5-2.1.3.tgz",
          "integrity": "sha1-ybD3+pIzv+WAf+ZvzzpWF+1ZfUM=",
          "requires": {
            "minimist": "^1.2.5"
          }
        },
        "lodash": {
          "version": "4.17.20",
          "resolved": "http://registry.npm.souche-inc.com/lodash/download/lodash-4.17.20.tgz",
          "integrity": "sha1-tEqbYpe8tpjxxRo1RaKzs2jVnFI="
        },
        "lodash.uniq": {
          "version": "4.5.0",
          "resolved": "http://registry.npm.souche-inc.com/lodash.uniq/download/lodash.uniq-4.5.0.tgz",
          "integrity": "sha1-0CJTc662Uq3BvILklFM5qEJ1R3M="
        },
        "markdown-escapes": {
          "version": "1.0.4",
          "resolved": "http://registry.npm.souche-inc.com/markdown-escapes/download/markdown-escapes-1.0.4.tgz",
          "integrity": "sha1-yVQV70UUmddgK5EJXzyOiXX3hTU="
        },
        "mdast-squeeze-paragraphs": {
          "version": "4.0.0",
          "resolved": "http://registry.npm.souche-inc.com/mdast-squeeze-paragraphs/download/mdast-squeeze-paragraphs-4.0.0.tgz",
          "integrity": "sha1-fEwRRnnDvuJ+8QtY4uAVvnnx75c=",
          "requires": {
            "unist-util-remove": "^2.0.0"
          }
        },
        "mdast-util-definitions": {
          "version": "3.0.1",
          "resolved": "http://registry.npm.souche-inc.com/mdast-util-definitions/download/mdast-util-definitions-3.0.1.tgz",
          "integrity": "sha1-Bq9sSYZfxj1tfTASVWni9649CoY=",
          "requires": {
            "unist-util-visit": "^2.0.0"
          }
        },
        "mdast-util-to-hast": {
          "version": "9.1.2",
          "resolved": "http://registry.npm.souche-inc.com/mdast-util-to-hast/download/mdast-util-to-hast-9.1.2.tgz",
          "integrity": "sha1-EPpe2dRb83VYkeWAHQ8y4lhKlCM=",
          "requires": {
            "@types/mdast": "^3.0.0",
            "@types/unist": "^2.0.0",
            "mdast-util-definitions": "^3.0.0",
            "mdurl": "^1.0.0",
            "unist-builder": "^2.0.0",
            "unist-util-generated": "^1.0.0",
            "unist-util-position": "^3.0.0",
            "unist-util-visit": "^2.0.0"
          }
        },
        "mdurl": {
          "version": "1.0.1",
          "resolved": "http://registry.npm.souche-inc.com/mdurl/download/mdurl-1.0.1.tgz",
          "integrity": "sha1-/oWy7HWlkDfyrf7BAP1sYBdhFS4="
        },
        "minimist": {
          "version": "1.2.5",
          "resolved": "http://registry.npm.souche-inc.com/minimist/download/minimist-1.2.5.tgz",
          "integrity": "sha1-Z9ZgFLZqaoqqDAg8X9WN9OTpdgI="
        },
        "ms": {
          "version": "2.1.2",
          "resolved": "http://registry.npm.souche-inc.com/ms/download/ms-2.1.2.tgz",
          "integrity": "sha1-0J0fNXtEP0kzgqjrPM0YOHKuYAk="
        },
        "parse-entities": {
          "version": "2.0.0",
          "resolved": "http://registry.npm.souche-inc.com/parse-entities/download/parse-entities-2.0.0.tgz",
          "integrity": "sha1-U8brW5MUofTsmfoP33zgHs2gy+g=",
          "requires": {
            "character-entities": "^1.0.0",
            "character-entities-legacy": "^1.0.0",
            "character-reference-invalid": "^1.0.0",
            "is-alphanumerical": "^1.0.0",
            "is-decimal": "^1.0.0",
            "is-hexadecimal": "^1.0.0"
          }
        },
        "parse5": {
          "version": "6.0.1",
          "resolved": "http://registry.npm.souche-inc.com/parse5/download/parse5-6.0.1.tgz",
          "integrity": "sha1-4aHAhcVps9wIMhGE8Zo5zCf3wws="
        },
        "path-parse": {
          "version": "1.0.6",
          "resolved": "http://registry.npm.souche-inc.com/path-parse/download/path-parse-1.0.6.tgz",
          "integrity": "sha1-1i27VnlAXXLEc37FhgDp3c8G0kw="
        },
        "property-information": {
          "version": "5.6.0",
          "resolved": "http://registry.npm.souche-inc.com/property-information/download/property-information-5.6.0.tgz",
          "integrity": "sha1-YWdVRfsjAC8kXGVA7EYHfU2j7Wk=",
          "requires": {
            "xtend": "^4.0.0"
          }
        },
        "remark-footnotes": {
          "version": "2.0.0",
          "resolved": "http://registry.npm.souche-inc.com/remark-footnotes/download/remark-footnotes-2.0.0.tgz",
          "integrity": "sha1-kAHEwv/rulVpXS3YD/uLgvfmMD8="
        },
        "remark-mdx": {
          "version": "1.6.21",
          "resolved": "http://registry.npm.souche-inc.com/remark-mdx/download/remark-mdx-1.6.21.tgz",
          "integrity": "sha1-DBp+BC5Qk4/4mtjdfo4hnUsEBM4=",
          "requires": {
            "@babel/core": "7.11.6",
            "@babel/helper-plugin-utils": "7.10.4",
            "@babel/plugin-proposal-object-rest-spread": "7.11.0",
            "@babel/plugin-syntax-jsx": "7.10.4",
            "@mdx-js/util": "1.6.21",
            "is-alphabetical": "1.0.4",
            "remark-parse": "8.0.3",
            "unified": "9.2.0"
          }
        },
        "remark-parse": {
          "version": "8.0.3",
          "resolved": "http://registry.npm.souche-inc.com/remark-parse/download/remark-parse-8.0.3.tgz",
          "integrity": "sha1-nGKqOzW3mkhkVMaQRykGB19Ax+E=",
          "requires": {
            "ccount": "^1.0.0",
            "collapse-white-space": "^1.0.2",
            "is-alphabetical": "^1.0.0",
            "is-decimal": "^1.0.0",
            "is-whitespace-character": "^1.0.0",
            "is-word-character": "^1.0.0",
            "markdown-escapes": "^1.0.0",
            "parse-entities": "^2.0.0",
            "repeat-string": "^1.5.4",
            "state-toggle": "^1.0.0",
            "trim": "0.0.1",
            "trim-trailing-lines": "^1.0.0",
            "unherit": "^1.0.4",
            "unist-util-remove-position": "^2.0.0",
            "vfile-location": "^3.0.0",
            "xtend": "^4.0.1"
          }
        },
        "remark-squeeze-paragraphs": {
          "version": "4.0.0",
          "resolved": "http://registry.npm.souche-inc.com/remark-squeeze-paragraphs/download/remark-squeeze-paragraphs-4.0.0.tgz",
          "integrity": "sha1-dusOCFKVExyEdIyOQ4EBWcVlPq0=",
          "requires": {
            "mdast-squeeze-paragraphs": "^4.0.0"
          }
        },
        "repeat-string": {
          "version": "1.6.1",
          "resolved": "http://registry.npm.souche-inc.com/repeat-string/download/repeat-string-1.6.1.tgz",
          "integrity": "sha1-jcrkcOHIirwtYA//Sndihtp15jc="
        },
        "replace-ext": {
          "version": "1.0.0",
          "resolved": "http://registry.npm.souche-inc.com/replace-ext/download/replace-ext-1.0.0.tgz",
          "integrity": "sha1-3mMSg3P8v3w8z6TeWkgMRaZ5WOs="
        },
        "resolve": {
          "version": "1.19.0",
          "resolved": "http://registry.npm.souche-inc.com/resolve/download/resolve-1.19.0.tgz",
          "integrity": "sha1-GvW/YwQJc0oGfK4pMYqsf6KaJnw=",
          "requires": {
            "is-core-module": "^2.1.0",
            "path-parse": "^1.0.6"
          }
        },
        "safe-buffer": {
          "version": "5.1.2",
          "resolved": "http://registry.npm.souche-inc.com/safe-buffer/download/safe-buffer-5.1.2.tgz",
          "integrity": "sha1-mR7GnSluAxN0fVm9/St0XDX4go0="
        },
        "semver": {
          "version": "5.7.1",
          "resolved": "http://registry.npm.souche-inc.com/semver/download/semver-5.7.1.tgz",
          "integrity": "sha1-qVT5Ma66UI0we78Gnv8MAclhFvc="
        },
        "source-map": {
          "version": "0.5.7",
          "resolved": "http://registry.npm.souche-inc.com/source-map/download/source-map-0.5.7.tgz",
          "integrity": "sha1-igOdLRAh0i0eoUyA2OpGi6LvP8w="
        },
        "space-separated-tokens": {
          "version": "1.1.5",
          "resolved": "http://registry.npm.souche-inc.com/space-separated-tokens/download/space-separated-tokens-1.1.5.tgz",
          "integrity": "sha1-hfMsPRDZaCAH6RdBTdxcJtGqaJk="
        },
        "state-toggle": {
          "version": "1.0.3",
          "resolved": "http://registry.npm.souche-inc.com/state-toggle/download/state-toggle-1.0.3.tgz",
          "integrity": "sha1-4SOxaojhQxObCcaFIiG8mBWRff4="
        },
        "style-to-object": {
          "version": "0.3.0",
          "resolved": "http://registry.npm.souche-inc.com/style-to-object/download/style-to-object-0.3.0.tgz",
          "integrity": "sha1-sbeQ0gWZHMeDgBlnIUl57hmnbkY=",
          "requires": {
            "inline-style-parser": "0.1.1"
          }
        },
        "supports-color": {
          "version": "5.5.0",
          "resolved": "http://registry.npm.souche-inc.com/supports-color/download/supports-color-5.5.0.tgz",
          "integrity": "sha1-4uaaRKyHcveKHsCzW2id9lMO/I8=",
          "requires": {
            "has-flag": "^3.0.0"
          }
        },
        "to-fast-properties": {
          "version": "2.0.0",
          "resolved": "http://registry.npm.souche-inc.com/to-fast-properties/download/to-fast-properties-2.0.0.tgz",
          "integrity": "sha1-3F5pjL0HkmW8c+A3doGk5Og/YW4="
        },
        "trim": {
          "version": "0.0.1",
          "resolved": "http://registry.npm.souche-inc.com/trim/download/trim-0.0.1.tgz",
          "integrity": "sha1-WFhUf2spB1fulczMZm+1AITEYN0="
        },
        "trim-trailing-lines": {
          "version": "1.1.4",
          "resolved": "http://registry.npm.souche-inc.com/trim-trailing-lines/download/trim-trailing-lines-1.1.4.tgz",
          "integrity": "sha1-vUq77HzIgEYvELLItc4djR7HwsA="
        },
        "trough": {
          "version": "1.0.5",
          "resolved": "http://registry.npm.souche-inc.com/trough/download/trough-1.0.5.tgz",
          "integrity": "sha1-uLY5zvrX0LsqvTfUM/+Ck++l9AY="
        },
        "unherit": {
          "version": "1.1.3",
          "resolved": "http://registry.npm.souche-inc.com/unherit/download/unherit-1.1.3.tgz",
          "integrity": "sha1-bJtQPytBsmIzDIDpHIYUq9qmnCI=",
          "requires": {
            "inherits": "^2.0.0",
            "xtend": "^4.0.0"
          }
        },
        "unified": {
          "version": "9.2.0",
          "resolved": "http://registry.npm.souche-inc.com/unified/download/unified-9.2.0.tgz",
          "integrity": "sha1-Z6YsYnxAWJ7eu/YPU+39TYIgJ/g=",
          "requires": {
            "bail": "^1.0.0",
            "extend": "^3.0.0",
            "is-buffer": "^2.0.0",
            "is-plain-obj": "^2.0.0",
            "trough": "^1.0.0",
            "vfile": "^4.0.0"
          }
        },
        "unist-builder": {
          "version": "2.0.3",
          "resolved": "http://registry.npm.souche-inc.com/unist-builder/download/unist-builder-2.0.3.tgz",
          "integrity": "sha1-d2SHEbXYavCULzNDl6M8XpFRZDY="
        },
        "unist-util-generated": {
          "version": "1.1.6",
          "resolved": "http://registry.npm.souche-inc.com/unist-util-generated/download/unist-util-generated-1.1.6.tgz",
          "integrity": "sha1-WrUfaJ4pkqRyvrGzXyzn/y8yTUs="
        },
        "unist-util-is": {
          "version": "4.0.3",
          "resolved": "http://registry.npm.souche-inc.com/unist-util-is/download/unist-util-is-4.0.3.tgz",
          "integrity": "sha1-6LRNtV/CDEN1KzNGwRY0TUXXyR0="
        },
        "unist-util-position": {
          "version": "3.1.0",
          "resolved": "http://registry.npm.souche-inc.com/unist-util-position/download/unist-util-position-3.1.0.tgz",
          "integrity": "sha1-HELuYwH41S9H0U9iu9t5ZXH6LUc="
        },
        "unist-util-remove": {
          "version": "2.0.1",
          "resolved": "http://registry.npm.souche-inc.com/unist-util-remove/download/unist-util-remove-2.0.1.tgz",
          "integrity": "sha1-+hPEJP+Olk86og0QmLmmkMa/qjk=",
          "requires": {
            "unist-util-is": "^4.0.0"
          }
        },
        "unist-util-remove-position": {
          "version": "2.0.1",
          "resolved": "http://registry.npm.souche-inc.com/unist-util-remove-position/download/unist-util-remove-position-2.0.1.tgz",
          "integrity": "sha1-XRnKef26cSMBmZsrc1U8qPOzUsw=",
          "requires": {
            "unist-util-visit": "^2.0.0"
          }
        },
        "unist-util-stringify-position": {
          "version": "2.0.3",
          "resolved": "http://registry.npm.souche-inc.com/unist-util-stringify-position/download/unist-util-stringify-position-2.0.3.tgz",
          "integrity": "sha1-zOO/oc34W6c3XR1bF73Eytqb2do=",
          "requires": {
            "@types/unist": "^2.0.2"
          }
        },
        "unist-util-visit": {
          "version": "2.0.3",
          "resolved": "http://registry.npm.souche-inc.com/unist-util-visit/download/unist-util-visit-2.0.3.tgz",
          "integrity": "sha1-w3A4kxRt9HIDu4qXla9H17lxIIw=",
          "requires": {
            "@types/unist": "^2.0.0",
            "unist-util-is": "^4.0.0",
            "unist-util-visit-parents": "^3.0.0"
          }
        },
        "unist-util-visit-parents": {
          "version": "3.1.1",
          "resolved": "http://registry.npm.souche-inc.com/unist-util-visit-parents/download/unist-util-visit-parents-3.1.1.tgz",
          "integrity": "sha1-ZabOaY94prD1aqDojxOAGIbNrvY=",
          "requires": {
            "@types/unist": "^2.0.0",
            "unist-util-is": "^4.0.0"
          }
        },
        "vfile": {
          "version": "4.2.0",
          "resolved": "http://registry.npm.souche-inc.com/vfile/download/vfile-4.2.0.tgz",
          "integrity": "sha1-JseKyS63CBawHUVl4AO35loqDgE=",
          "requires": {
            "@types/unist": "^2.0.0",
            "is-buffer": "^2.0.0",
            "replace-ext": "1.0.0",
            "unist-util-stringify-position": "^2.0.0",
            "vfile-message": "^2.0.0"
          }
        },
        "vfile-location": {
          "version": "3.2.0",
          "resolved": "http://registry.npm.souche-inc.com/vfile-location/download/vfile-location-3.2.0.tgz",
          "integrity": "sha1-2OQfvL1AYGNmnr9sM9Vq6HIdDzw="
        },
        "vfile-message": {
          "version": "2.0.4",
          "resolved": "http://registry.npm.souche-inc.com/vfile-message/download/vfile-message-2.0.4.tgz",
          "integrity": "sha1-W0O4gXHUCerlhHfRPyPdQdUsNxo=",
          "requires": {
            "@types/unist": "^2.0.0",
            "unist-util-stringify-position": "^2.0.0"
          }
        },
        "web-namespaces": {
          "version": "1.1.4",
          "resolved": "http://registry.npm.souche-inc.com/web-namespaces/download/web-namespaces-1.1.4.tgz",
          "integrity": "sha1-vJij3mDa3X+u/EA9EHbVKfXgMOw="
        },
        "xtend": {
          "version": "4.0.2",
          "resolved": "http://registry.npm.souche-inc.com/xtend/download/xtend-4.0.2.tgz",
          "integrity": "sha1-u3J3n1+kZRhrH0OPZ0+jR/2121Q="
        },
        "zwitch": {
          "version": "1.0.5",
          "resolved": "http://registry.npm.souche-inc.com/zwitch/download/zwitch-1.0.5.tgz",
          "integrity": "sha1-0R1zgf/tFrdC9q97PyI9XNn+mSA="
        }
      }
    },
    "clipboard": {
      "version": "2.0.6",
      "resolved": "http://registry.npm.souche-inc.com/clipboard/download/clipboard-2.0.6.tgz",
      "integrity": "sha1-UpISlu7A/fd+rRdJQhshyWhkc3Y=",
      "optional": true,
      "requires": {
        "good-listener": "^1.2.2",
        "select": "^1.1.2",
        "tiny-emitter": "^2.0.0"
      }
    },
    "delegate": {
      "version": "3.2.0",
      "resolved": "http://registry.npm.souche-inc.com/delegate/download/delegate-3.2.0.tgz",
      "integrity": "sha1-tmtxwxWFIuirV0T3INjKDCr1kWY=",
      "optional": true
    },
    "good-listener": {
      "version": "1.2.2",
      "resolved": "http://registry.npm.souche-inc.com/good-listener/download/good-listener-1.2.2.tgz",
      "integrity": "sha1-1TswzfkxPf+33JoNR3CWqm0UXFA=",
      "optional": true,
      "requires": {
        "delegate": "^3.1.2"
      }
    },
    "prismjs": {
      "version": "1.22.0",
      "resolved": "http://registry.npm.souche-inc.com/prismjs/download/prismjs-1.22.0.tgz",
      "integrity": "sha1-c8NACvxYqCPdfu0CP44c6f2Jd/o=",
      "requires": {
        "clipboard": "^2.0.0"
      }
    },
    "regenerator-runtime": {
      "version": "0.13.7",
      "resolved": "https://registry.npmjs.org/regenerator-runtime/-/regenerator-runtime-0.13.7.tgz",
      "integrity": "sha512-a54FxoJDIr27pgf7IgeQGxmqUNYrcV338lf/6gH456HZ/PhX+5BcwHXG9ajESmwe6WRO0tAzRUrRmNONWgkrew=="
    },
    "select": {
      "version": "1.1.2",
      "resolved": "http://registry.npm.souche-inc.com/select/download/select-1.1.2.tgz",
      "integrity": "sha1-DnNQrN7ICxEIUoeG7B1EGNEbOW0=",
      "optional": true
    },
    "tiny-emitter": {
      "version": "2.1.0",
      "resolved": "http://registry.npm.souche-inc.com/tiny-emitter/download/tiny-emitter-2.1.0.tgz",
      "integrity": "sha1-HRpW7fxRxD6GPLtTgqcjMONVVCM=",
      "optional": true
    }
  }
}
